
Microsoft Visual Studio Solution File, Format Version 12.00
# Visual Studio Version 17
VisualStudioVersion = 17.1.32328.378
MinimumVisualStudioVersion = 10.0.40219.1
Project("{FAE04EC0-301F-11D3-BF4B-00C04F79EFBC}") = "CharanpreeetSingh", "CharanpreeetSingh\CharanpreeetSingh.csproj", "{9FAF7FAA-68CA-42AC-9B9F-4AC45926DD74}"
EndProject
Project("{FAE04EC0-301F-11D3-BF4B-00C04F79EFBC}") = "CharanpreeetSingh.DataBaseContext", "CharanpreetSingh.DataBaseContext\CharanpreeetSingh.DataBaseContext.csproj", "{D492023B-751E-4F83-A200-22CCB1E4C718}"
EndProject
Project("{FAE04EC0-301F-11D3-BF4B-00C04F79EFBC}") = "CharanpreeetSingh.Entities", "CharanpreeetSingh.Entities\CharanpreeetSingh.Entities.csproj", "{FC2F1F7C-B94F-44C3-B572-3D469B20D168}"
EndProject
Project("{FAE04EC0-301F-11D3-BF4B-00C04F79EFBC}") = "CharanpreeetSingh.Interface", "CharanpreeetSingh.Interface\CharanpreeetSingh.Interface.csproj", "{200B8AD6-CDE3-42A3-B848-FB55FD9DAB5B}"
EndProject
Project("{FAE04EC0-301F-11D3-BF4B-00C04F79EFBC}") = "CharanpreeetSingh.Repositories", "CharanpreeetSingh.Repositories\CharanpreeetSingh.Repositories.csproj", "{0BDEF883-7455-468E-B414-99CD4775009C}"
EndProject
Global
	GlobalSection(SolutionConfigurationPlatforms) = preSolution
		Debug|Any CPU = Debug|Any CPU
		Release|Any CPU = Release|Any CPU
	EndGlobalSection
	GlobalSection(ProjectConfigurationPlatforms) = postSolution
		{9FAF7FAA-68CA-42AC-9B9F-4AC45926DD74}.Debug|Any CPU.ActiveCfg = Debug|Any CPU
		{9FAF7FAA-68CA-42AC-9B9F-4AC45926DD74}.Debug|Any CPU.Build.0 = Debug|Any CPU
		{9FAF7FAA-68CA-42AC-9B9F-4AC45926DD74}.Release|Any CPU.ActiveCfg = Release|Any CPU
		{9FAF7FAA-68CA-42AC-9B9F-4AC45926DD74}.Release|Any CPU.Build.0 = Release|Any CPU
		{D492023B-751E-4F83-A200-22CCB1E4C718}.Debug|Any CPU.ActiveCfg = Debug|Any CPU
		{D492023B-751E-4F83-A200-22CCB1E4C718}.Debug|Any CPU.Build.0 = Debug|Any CPU
		{D492023B-751E-4F83-A200-22CCB1E4C718}.Release|Any CPU.ActiveCfg = Release|Any CPU
		{D492023B-751E-4F83-A200-22CCB1E4C718}.Release|Any CPU.Build.0 = Release|Any CPU
		{FC2F1F7C-B94F-44C3-B572-3D469B20D168}.Debug|Any CPU.ActiveCfg = Debug|Any CPU
		{FC2F1F7C-B94F-44C3-B572-3D469B20D168}.Debug|Any CPU.Build.0 = Debug|Any CPU
		{FC2F1F7C-B94F-44C3-B572-3D469B20D168}.Release|Any CPU.ActiveCfg = Release|Any CPU
		{FC2F1F7C-B94F-44C3-B572-3D469B20D168}.Release|Any CPU.Build.0 = Release|Any CPU
		{200B8AD6-CDE3-42A3-B848-FB55FD9DAB5B}.Debug|Any CPU.ActiveCfg = Debug|Any CPU
		{200B8AD6-CDE3-42A3-B848-FB55FD9DAB5B}.Debug|Any CPU.Build.0 = Debug|Any CPU
		{200B8AD6-CDE3-42A3-B848-FB55FD9DAB5B}.Release|Any CPU.ActiveCfg = Release|Any CPU
		{200B8AD6-CDE3-42A3-B848-FB55FD9DAB5B}.Release|Any CPU.Build.0 = Release|Any CPU
		{0BDEF883-7455-468E-B414-99CD4775009C}.Debug|Any CPU.ActiveCfg = Debug|Any CPU
		{0BDEF883-7455-468E-B414-99CD4775009C}.Debug|Any CPU.Build.0 = Debug|Any CPU
		{0BDEF883-7455-468E-B414-99CD4775009C}.Release|Any CPU.ActiveCfg = Release|Any CPU
		{0BDEF883-7455-468E-B414-99CD4775009C}.Release|Any CPU.Build.0 = Release|Any CPU
	EndGlobalSection
	GlobalSection(SolutionProperties) = preSolution
		HideSolutionNode = FALSE
	EndGlobalSection
	GlobalSection(ExtensibilityGlobals) = postSolution
		SolutionGuid = {B0DD3510-C06E-44D4-95EF-A2AA78C575F3}
	EndGlobalSection
EndGlobal
